
Microsoft Visual Studio Solution File, Format Version 11.00
# Visual Studio 2010
Project("{FAE04EC0-301F-11D3-BF4B-00C04F79EFBC}") = "Shoot-The-Cubes-master", "Assembly-CSharp.csproj", "{57D3E02B-BAE4-878A-7AE6-5C0DBC7C2B28}"
EndProject
Project("{FAE04EC0-301F-11D3-BF4B-00C04F79EFBC}") = "Shoot-The-Cubes-master", "Assembly-CSharp-Editor.csproj", "{9DFB8001-8406-BC3A-1766-A919EDD19124}"
EndProject
Global
	GlobalSection(SolutionConfigurationPlatforms) = preSolution
		Debug|Any CPU = Debug|Any CPU
		Release|Any CPU = Release|Any CPU
	EndGlobalSection
	GlobalSection(ProjectConfigurationPlatforms) = postSolution
		{57D3E02B-BAE4-878A-7AE6-5C0DBC7C2B28}.Debug|Any CPU.ActiveCfg = Debug|Any CPU
		{57D3E02B-BAE4-878A-7AE6-5C0DBC7C2B28}.Debug|Any CPU.Build.0 = Debug|Any CPU
		{57D3E02B-BAE4-878A-7AE6-5C0DBC7C2B28}.Release|Any CPU.ActiveCfg = Release|Any CPU
		{57D3E02B-BAE4-878A-7AE6-5C0DBC7C2B28}.Release|Any CPU.Build.0 = Release|Any CPU
		{9DFB8001-8406-BC3A-1766-A919EDD19124}.Debug|Any CPU.ActiveCfg = Debug|Any CPU
		{9DFB8001-8406-BC3A-1766-A919EDD19124}.Debug|Any CPU.Build.0 = Debug|Any CPU
		{9DFB8001-8406-BC3A-1766-A919EDD19124}.Release|Any CPU.ActiveCfg = Release|Any CPU
		{9DFB8001-8406-BC3A-1766-A919EDD19124}.Release|Any CPU.Build.0 = Release|Any CPU
	EndGlobalSection
	GlobalSection(SolutionProperties) = preSolution
		HideSolutionNode = FALSE
	EndGlobalSection
	GlobalSection(MonoDevelopProperties) = preSolution
		StartupItem = Assembly-CSharp.csproj
	EndGlobalSection
EndGlobal
